{
  "name": "sudocode",
  "version": "1.0.0",
  "lockfileVersion": 3,
  "requires": true,
  "packages": {
    "": {
      "name": "sudocode",
      "version": "1.0.0",
      "license": "ISC",
      "dependencies": {
        "sudocode": "^1.0.0"
      }
    },
    "node_modules/sudocode": {
      "version": "1.0.0",
      "resolved": "https://registry.npmjs.org/sudocode/-/sudocode-1.0.0.tgz",
      "integrity": "sha512-70Iw2bplb86qsK+njgkZIe4YI/roOZMZTtjkKd70p4pOSnSTenUReoRf38lHDYzAHqgDVLnce1ejKAqPMBNnyQ=="
    }
  }
}
